
Microsoft Visual Studio Solution File, Format Version 12.00
# Visual Studio 15
VisualStudioVersion = 15.0.28010.2016
MinimumVisualStudioVersion = 10.0.40219.1
Project("{9A19103F-16F7-4668-BE54-9A1E7A4F7556}") = "CommandLineParser", "CommandLineParser\CommandLineParser.csproj", "{02D41856-3E21-427E-94C3-2AF34F1C2264}"
EndProject
Project("{9A19103F-16F7-4668-BE54-9A1E7A4F7556}") = "CommandLineParser.Tests", "CommandLineParser.Tests\CommandLineParser.Tests.csproj", "{72442EFD-1112-4081-A910-8A792F870AD1}"
EndProject
Project("{FAE04EC0-301F-11D3-BF4B-00C04F79EFBC}") = "SampleApp", "SampleApp\SampleApp.csproj", "{6871A016-97E8-48C5-B797-DD0FA3DD6288}"
EndProject
Global
	GlobalSection(SolutionConfigurationPlatforms) = preSolution
		Debug|Any CPU = Debug|Any CPU
		Release|Any CPU = Release|Any CPU
	EndGlobalSection
	GlobalSection(ProjectConfigurationPlatforms) = postSolution
		{02D41856-3E21-427E-94C3-2AF34F1C2264}.Debug|Any CPU.ActiveCfg = Debug|Any CPU
		{02D41856-3E21-427E-94C3-2AF34F1C2264}.Debug|Any CPU.Build.0 = Debug|Any CPU
		{02D41856-3E21-427E-94C3-2AF34F1C2264}.Release|Any CPU.ActiveCfg = Release|Any CPU
		{02D41856-3E21-427E-94C3-2AF34F1C2264}.Release|Any CPU.Build.0 = Release|Any CPU
		{72442EFD-1112-4081-A910-8A792F870AD1}.Debug|Any CPU.ActiveCfg = Debug|Any CPU
		{72442EFD-1112-4081-A910-8A792F870AD1}.Debug|Any CPU.Build.0 = Debug|Any CPU
		{72442EFD-1112-4081-A910-8A792F870AD1}.Release|Any CPU.ActiveCfg = Release|Any CPU
		{72442EFD-1112-4081-A910-8A792F870AD1}.Release|Any CPU.Build.0 = Release|Any CPU
		{6871A016-97E8-48C5-B797-DD0FA3DD6288}.Debug|Any CPU.ActiveCfg = Debug|Any CPU
		{6871A016-97E8-48C5-B797-DD0FA3DD6288}.Debug|Any CPU.Build.0 = Debug|Any CPU
		{6871A016-97E8-48C5-B797-DD0FA3DD6288}.Release|Any CPU.ActiveCfg = Release|Any CPU
		{6871A016-97E8-48C5-B797-DD0FA3DD6288}.Release|Any CPU.Build.0 = Release|Any CPU
	EndGlobalSection
	GlobalSection(SolutionProperties) = preSolution
		HideSolutionNode = FALSE
	EndGlobalSection
	GlobalSection(ExtensibilityGlobals) = postSolution
		SolutionGuid = {CE28B97B-DDE7-41B6-B779-91914BDBCB80}
	EndGlobalSection
EndGlobal
